# This file is automatically @generated by Cargo.
# It is not intended for manual editing.
version = 3

[[package]]
name = "addr2line"
version = "0.14.1"
source = "registry+https://github.com/rust-lang/crates.io-index"
checksum = "a55f82cfe485775d02112886f4169bde0c5894d75e79ead7eafe7e40a25e45f7"
dependencies = [
 "gimli",
]

[[package]]
name = "adler"
version = "0.2.1"
source = "registry+https://github.com/rust-lang/crates.io-index"
checksum = "6aa100a6f6f525226719f8de3f70076be4f4191801ebd92621450d1c51e9053d"

[[package]]
name = "aho-corasick"
version = "0.7.18"
source = "registry+https://github.com/rust-lang/crates.io-index"
checksum = "1e37cfd5e7657ada45f742d6e99ca5788580b5c529dc78faf11ece6dc702656f"
dependencies = [
 "memchr",
]

[[package]]
name = "android-tzdata"
version = "0.1.1"
source = "registry+https://github.com/rust-lang/crates.io-index"
checksum = "e999941b234f3131b00bc13c22d06e8c5ff726d1b6318ac7eb276997bbb4fef0"

[[package]]
name = "android_system_properties"
version = "0.1.4"
source = "registry+https://github.com/rust-lang/crates.io-index"
checksum = "d7ed72e1635e121ca3e79420540282af22da58be50de153d36f81ddc6b83aa9e"
dependencies = [
 "libc",
]

[[package]]
name = "arc-swap"
version = "1.7.0"
source = "registry+https://github.com/rust-lang/crates.io-index"
checksum = "7b3d0060af21e8d11a926981cc00c6c1541aa91dd64b9f881985c3da1094425f"

[[package]]
name = "async-lock"
version = "2.4.0"
source = "registry+https://github.com/rust-lang/crates.io-index"
checksum = "e6a8ea61bf9947a1007c5cada31e647dbc77b103c679858150003ba697ea798b"
dependencies = [
 "event-listener",
]

[[package]]
name = "async-stream"
version = "0.3.0"
source = "registry+https://github.com/rust-lang/crates.io-index"
checksum = "3670df70cbc01729f901f94c887814b3c68db038aad1329a418bae178bc5295c"
dependencies = [
 "async-stream-impl",
 "futures-core",
]

[[package]]
name = "async-stream-impl"
version = "0.3.0"
source = "registry+https://github.com/rust-lang/crates.io-index"
checksum = "a3548b8efc9f8e8a5a0a2808c5bd8451a9031b9e5b879a79590304ae928b0a70"
dependencies = [
 "proc-macro2",
 "quote",
 "syn 1.0.96",
]

[[package]]
name = "async-trait"
version = "0.1.58"
source = "registry+https://github.com/rust-lang/crates.io-index"
checksum = "1e805d94e6b5001b651426cf4cd446b1ab5f319d27bab5c644f61de0a804360c"
dependencies = [
 "proc-macro2",
 "quote",
 "syn 1.0.96",
]

[[package]]
name = "autocfg"
version = "1.0.0"
source = "registry+https://github.com/rust-lang/crates.io-index"
checksum = "f8aac770f1885fd7e387acedd76065302551364496e46b3dd00860b2f8359b9d"

[[package]]
name = "backtrace"
version = "0.3.58"
source = "registry+https://github.com/rust-lang/crates.io-index"
checksum = "88fb5a785d6b44fd9d6700935608639af1b8356de1e55d5f7c2740f4faa15d82"
dependencies = [
 "addr2line",
 "cc",
 "cfg-if",
 "libc",
 "miniz_oxide",
 "object",
 "rustc-demangle",
]

[[package]]
name = "base64"
version = "0.22.0"
source = "registry+https://github.com/rust-lang/crates.io-index"
checksum = "9475866fec1451be56a3c2400fd081ff546538961565ccb5b7142cbd22bc7a51"

[[package]]
name = "bitflags"
version = "1.0.0"
source = "registry+https://github.com/rust-lang/crates.io-index"
checksum = "f5cde24d1b2e2216a726368b2363a273739c91f4e3eb4e0dd12d672d396ad989"

[[package]]
name = "bitflags"
version = "2.4.0"
source = "registry+https://github.com/rust-lang/crates.io-index"
checksum = "b4682ae6287fcf752ecaabbfcc7b6f9b72aa33933dc23a554d853aea8eea8635"

[[package]]
name = "bumpalo"
version = "3.2.1"
source = "registry+https://github.com/rust-lang/crates.io-index"
checksum = "12ae9db68ad7fac5fe51304d20f016c911539251075a214f8e663babefa35187"

[[package]]
name = "bytecount"
version = "0.6.0"
source = "registry+https://github.com/rust-lang/crates.io-index"
checksum = "b0017894339f586ccb943b01b9555de56770c11cda818e7e3d8bd93f4ed7f46e"

[[package]]
name = "byteorder"
version = "1.2.7"
source = "registry+https://github.com/rust-lang/crates.io-index"
checksum = "94f88df23a25417badc922ab0f5716cc1330e87f71ddd9203b3a3ccd9cedf75d"

[[package]]
name = "bytes"
version = "1.0.0"
source = "registry+https://github.com/rust-lang/crates.io-index"
checksum = "ad1f8e949d755f9d79112b5bb46938e0ef9d3804a0b16dfab13aafcaa5f0fa72"

[[package]]
name = "cargo_metadata"
version = "0.10.0"
source = "registry+https://github.com/rust-lang/crates.io-index"
checksum = "b8de60b887edf6d74370fc8eb177040da4847d971d6234c7b13a6da324ef0caf"
dependencies = [
 "semver 0.9.0",
 "serde",
 "serde_derive",
 "serde_json",
]

[[package]]
name = "cc"
version = "1.0.69"
source = "registry+https://github.com/rust-lang/crates.io-index"
checksum = "e70cc2f62c6ce1868963827bd677764c62d07c3d9a3e1fb1177ee1a9ab199eb2"

[[package]]
name = "cfg-if"
version = "1.0.0"
source = "registry+https://github.com/rust-lang/crates.io-index"
checksum = "baf1de4339761588bc0619e3cbc0120ee582ebb74b53b4efbf79117bd2da40fd"

[[package]]
name = "chrono"
version = "0.4.35"
source = "registry+https://github.com/rust-lang/crates.io-index"
checksum = "8eaf5903dcbc0a39312feb77df2ff4c76387d591b9fc7b04a238dcf8bb62639a"
dependencies = [
 "android-tzdata",
 "iana-time-zone",
 "num-traits",
 "windows-targets 0.52.0",
]

[[package]]
name = "core-foundation-sys"
version = "0.8.3"
source = "registry+https://github.com/rust-lang/crates.io-index"
checksum = "5827cebf4670468b8772dd191856768aedcb1b0278a04f989f7766351917b9dc"

[[package]]
name = "crossbeam-channel"
version = "0.5.8"
source = "registry+https://github.com/rust-lang/crates.io-index"
checksum = "a33c2bf77f2df06183c3aa30d1e96c0695a313d4f9c453cc3762a6db39f99200"
dependencies = [
 "cfg-if",
 "crossbeam-utils",
]

[[package]]
name = "crossbeam-epoch"
version = "0.9.9"
source = "registry+https://github.com/rust-lang/crates.io-index"
checksum = "07db9d94cbd326813772c968ccd25999e5f8ae22f4f8d1b11effa37ef6ce281d"
dependencies = [
 "autocfg",
 "cfg-if",
 "crossbeam-utils",
 "memoffset",
 "once_cell",
 "scopeguard",
]

[[package]]
name = "crossbeam-utils"
version = "0.8.7"
source = "registry+https://github.com/rust-lang/crates.io-index"
checksum = "b5e5bed1f1c269533fa816a0a5492b3545209a205ca1a54842be180eb63a16a6"
dependencies = [
 "cfg-if",
 "lazy_static",
]

[[package]]
name = "domain"
version = "0.10.1"
dependencies = [
 "arc-swap",
 "bytes",
 "chrono",
 "futures-util",
 "heapless",
 "lazy_static",
 "libc",
 "mock_instant",
 "moka",
 "octseq",
 "parking_lot",
 "proc-macro2",
 "rand 0.8.0",
 "ring",
 "rstest",
 "rustls-pemfile",
 "rustversion",
 "serde",
 "serde_json",
 "serde_test",
 "serde_yaml",
 "siphasher",
 "smallvec",
 "socket2 0.5.5",
 "time",
 "tokio",
 "tokio-rustls",
 "tokio-stream",
 "tokio-test",
 "tokio-tfo",
 "tracing",
 "tracing-subscriber",
 "webpki-roots",
]

[[package]]
name = "error-chain"
version = "0.12.0"
source = "registry+https://github.com/rust-lang/crates.io-index"
checksum = "07e791d3be96241c77c43846b665ef1384606da2cd2a48730abe606a12906e02"

[[package]]
name = "event-listener"
version = "2.5.1"
source = "registry+https://github.com/rust-lang/crates.io-index"
checksum = "f7531096570974c3a9dcf9e4b8e1cede1ec26cf5046219fb3b9d897503b9be59"

[[package]]
name = "fuchsia-zircon"
version = "0.3.1"
source = "registry+https://github.com/rust-lang/crates.io-index"
checksum = "3b5365afd01fdf916e775a224e844f80b3b9710d0f4f00903e219e859474d7ae"
dependencies = [
 "bitflags 1.0.0",
 "fuchsia-zircon-sys",
]

[[package]]
name = "fuchsia-zircon-sys"
version = "0.3.1"
source = "registry+https://github.com/rust-lang/crates.io-index"
checksum = "069def9a0e5feb7e9120635f6ebad24d853a6affbb077fec84d0888316cf9ae6"

[[package]]
name = "futures"
version = "0.3.22"
source = "registry+https://github.com/rust-lang/crates.io-index"
checksum = "c3bc0969e5d7acf82450af1a6cb3505fc1d6e4ec9793914420f0a375d7b805a0"
dependencies = [
 "futures-channel",
 "futures-core",
 "futures-executor",
 "futures-io",
 "futures-sink",
 "futures-task",
 "futures-util",
]

[[package]]
name = "futures-channel"
version = "0.3.22"
source = "registry+https://github.com/rust-lang/crates.io-index"
checksum = "a3eda18645ac5231d84377832df634956f56144c584094d5a12a50cd8ef75912"
dependencies = [
 "futures-core",
 "futures-sink",
]

[[package]]
name = "futures-core"
version = "0.3.22"
source = "registry+https://github.com/rust-lang/crates.io-index"
checksum = "a97c6f791e4d3feedc0ed169fa477a71b3eb00e5cf7e25ecb27390a08746f226"

[[package]]
name = "futures-executor"
version = "0.3.22"
source = "registry+https://github.com/rust-lang/crates.io-index"
checksum = "d8c124eb9d1c1df9e3aaaff5d298a54d6bdb053db80e48a6a1cf1892947d349f"
dependencies = [
 "futures-core",
 "futures-task",
 "futures-util",
]

[[package]]
name = "futures-io"
version = "0.3.22"
source = "registry+https://github.com/rust-lang/crates.io-index"
checksum = "7c29fc296f6934b40006a06bead167d4109ea71e8e7386794158f61e463aad61"

[[package]]
name = "futures-macro"
version = "0.3.22"
source = "registry+https://github.com/rust-lang/crates.io-index"
checksum = "c0288b535731b88120b6c7918801e3d2c27a7437cc121e38aa3cb435888c6ff1"
dependencies = [
 "proc-macro2",
 "quote",
 "syn 1.0.96",
]

[[package]]
name = "futures-sink"
version = "0.3.22"
source = "registry+https://github.com/rust-lang/crates.io-index"
checksum = "32f494a9b86d188319d0bff435e49f36b56f63d7c5c945c1b9ac23c7d72dcf06"

[[package]]
name = "futures-task"
version = "0.3.22"
source = "registry+https://github.com/rust-lang/crates.io-index"
checksum = "ec903665acdc0fe4e7f74d1a383664b51b318dc9b89b57d8f4fb43601097a7e2"

[[package]]
name = "futures-timer"
version = "3.0.2"
source = "registry+https://github.com/rust-lang/crates.io-index"
checksum = "e64b03909df88034c26dc1547e8970b91f98bdb65165d6a4e9110d94263dbb2c"

[[package]]
name = "futures-util"
version = "0.3.22"
source = "registry+https://github.com/rust-lang/crates.io-index"
checksum = "2c4e74697499194763a0da2df2acf5c4d7d556bc6771f4416a598431d60ea191"
dependencies = [
 "futures-channel",
 "futures-core",
 "futures-io",
 "futures-macro",
 "futures-sink",
 "futures-task",
 "memchr",
 "pin-project-lite",
 "pin-utils",
 "slab",
]

[[package]]
name = "getrandom"
version = "0.2.8"
source = "registry+https://github.com/rust-lang/crates.io-index"
checksum = "c05aeb6a22b8f62540c194aac980f2115af067bfe15a0734d7277a768d396b31"
dependencies = [
 "cfg-if",
 "libc",
 "wasi",
]

[[package]]
name = "gimli"
version = "0.23.0"
source = "registry+https://github.com/rust-lang/crates.io-index"
checksum = "f6503fe142514ca4799d4c26297c4248239fe8838d827db6bd6065c6ed29a6ce"

[[package]]
name = "glob"
version = "0.3.1"
source = "registry+https://github.com/rust-lang/crates.io-index"
checksum = "d2fabcfbdc87f4758337ca535fb41a6d701b65693ce38287d856d1674551ec9b"

[[package]]
name = "hash32"
version = "0.3.0"
source = "registry+https://github.com/rust-lang/crates.io-index"
checksum = "2baa98978c170759522ad6ebb567aeb29a62e1867551f39ae2e5b749fbd5cc21"
dependencies = [
 "byteorder",
]

[[package]]
name = "hashbrown"
version = "0.12.0"
source = "registry+https://github.com/rust-lang/crates.io-index"
checksum = "8c21d40587b92fa6a6c6e3c1bdbf87d75511db5672f9c93175574b3a00df1758"

[[package]]
name = "heapless"
version = "0.8.0"
source = "registry+https://github.com/rust-lang/crates.io-index"
checksum = "0bfb9eb618601c89945a70e254898da93b13be0388091d42117462b265bb3fad"
dependencies = [
 "hash32",
 "stable_deref_trait",
]

[[package]]
name = "iana-time-zone"
version = "0.1.45"
source = "registry+https://github.com/rust-lang/crates.io-index"
checksum = "ef5528d9c2817db4e10cc78f8d4c8228906e5854f389ff6b076cee3572a09d35"
dependencies = [
 "android_system_properties",
 "core-foundation-sys",
 "js-sys",
 "wasm-bindgen",
 "winapi 0.3.9",
]

[[package]]
name = "indexmap"
version = "1.9.0"
source = "registry+https://github.com/rust-lang/crates.io-index"
checksum = "6c6392766afd7964e2531940894cffe4bd8d7d17dbc3c1c4857040fd4b33bdb3"
dependencies = [
 "autocfg",
 "hashbrown",
]

[[package]]
name = "itoa"
version = "1.0.0"
source = "registry+https://github.com/rust-lang/crates.io-index"
checksum = "d2f3e61cf687687b30c9e6ddf0fc36cf15f035e66d491e6da968fa49ffa9a378"

[[package]]
name = "js-sys"
version = "0.3.58"
source = "registry+https://github.com/rust-lang/crates.io-index"
checksum = "c3fac17f7123a73ca62df411b1bf727ccc805daa070338fda671c86dac1bdc27"
dependencies = [
 "wasm-bindgen",
]

[[package]]
name = "kernel32-sys"
version = "0.2.0"
source = "registry+https://github.com/rust-lang/crates.io-index"
checksum = "ad1ca084b49bfd975182288e1a5f1d27ea34ff2d6ae084ae5e66e1652427eada"
dependencies = [
 "winapi 0.2.4",
 "winapi-build",
]

[[package]]
name = "lazy_static"
version = "1.4.0"
source = "registry+https://github.com/rust-lang/crates.io-index"
checksum = "e2abad23fbc42b3700f2f279844dc832adb2b2eb069b2df918f455c4e18cc646"

[[package]]
name = "libc"
version = "0.2.153"
source = "registry+https://github.com/rust-lang/crates.io-index"
checksum = "9c198f91728a82281a64e1f4f9eeb25d82cb32a5de251c6bd1b5154d63a8e7bd"

[[package]]
name = "lock_api"
version = "0.4.6"
source = "registry+https://github.com/rust-lang/crates.io-index"
checksum = "88943dd7ef4a2e5a4bfa2753aaab3013e34ce2533d1996fb18ef591e315e2b3b"
dependencies = [
 "scopeguard",
]

[[package]]
name = "log"
version = "0.4.17"
source = "registry+https://github.com/rust-lang/crates.io-index"
checksum = "abb12e687cfb44aa40f41fc3978ef76448f9b6038cad6aef4259d3c095a2382e"
dependencies = [
 "cfg-if",
]

[[package]]
name = "matchers"
version = "0.1.0"
source = "registry+https://github.com/rust-lang/crates.io-index"
checksum = "8263075bb86c5a1b1427b5ae862e8889656f126e9f77c484496e8b47cf5c5558"
dependencies = [
 "regex-automata",
]

[[package]]
name = "memchr"
version = "2.4.0"
source = "registry+https://github.com/rust-lang/crates.io-index"
checksum = "b16bd47d9e329435e309c58469fe0791c2d0d1ba96ec0954152a5ae2b04387dc"

[[package]]
name = "memoffset"
version = "0.6.1"
source = "registry+https://github.com/rust-lang/crates.io-index"
checksum = "157b4208e3059a8f9e78d559edc658e13df41410cb3ae03979c83130067fdd87"
dependencies = [
 "autocfg",
]

[[package]]
name = "miniz_oxide"
version = "0.4.0"
source = "registry+https://github.com/rust-lang/crates.io-index"
checksum = "be0f75932c1f6cfae3c04000e40114adf955636e19040f9c0a2c380702aa1c7f"
dependencies = [
 "adler",
]

[[package]]
name = "mio"
version = "0.8.9"
source = "registry+https://github.com/rust-lang/crates.io-index"
checksum = "3dce281c5e46beae905d4de1870d8b1509a9142b62eedf18b443b011ca8343d0"
dependencies = [
 "libc",
 "wasi",
 "windows-sys 0.48.0",
]

[[package]]
name = "mock_instant"
version = "0.5.1"
source = "registry+https://github.com/rust-lang/crates.io-index"
checksum = "cdcebb6db83796481097dedc7747809243cc81d9ed83e6a938b76d4ea0b249cf"

[[package]]
name = "moka"
version = "0.12.3"
source = "registry+https://github.com/rust-lang/crates.io-index"
checksum = "2cebde309854872ea4fcaf4d7c870ad8d5873091c6bfb7ce91fd08ea648f20b0"
dependencies = [
 "async-lock",
 "async-trait",
 "crossbeam-channel",
 "crossbeam-epoch",
 "crossbeam-utils",
 "futures-util",
 "once_cell",
 "parking_lot",
 "quanta",
 "rustc_version",
 "skeptic",
 "smallvec",
 "tagptr",
 "thiserror",
 "triomphe",
 "uuid",
]

[[package]]
name = "nu-ansi-term"
version = "0.46.0"
source = "registry+https://github.com/rust-lang/crates.io-index"
checksum = "77a8165726e8236064dbb45459242600304b42a5ea24ee2948e18e023bf7ba84"
dependencies = [
 "overload",
 "winapi 0.3.9",
]

[[package]]
name = "num-traits"
version = "0.2.0"
source = "registry+https://github.com/rust-lang/crates.io-index"
checksum = "e7de20f146db9d920c45ee8ed8f71681fd9ade71909b48c3acbd766aa504cf10"

[[package]]
name = "num_cpus"
version = "1.8.0"
source = "registry+https://github.com/rust-lang/crates.io-index"
checksum = "c51a3322e4bca9d212ad9a158a02abc6934d005490c054a2778df73a70aa0a30"
dependencies = [
 "libc",
]

[[package]]
name = "object"
version = "0.23.0"
source = "registry+https://github.com/rust-lang/crates.io-index"
checksum = "a9a7ab5d64814df0fe4a4b5ead45ed6c5f181ee3ff04ba344313a6c80446c5d4"

[[package]]
name = "octseq"
version = "0.5.2-dev"
source = "git+https://github.com/NLnetLabs/octseq.git?rev=3f7797f4274af0a52e66105250ee1186ff2ab6ac#3f7797f4274af0a52e66105250ee1186ff2ab6ac"
dependencies = [
 "bytes",
 "heapless",
 "serde",
 "smallvec",
]

[[package]]
name = "once_cell"
version = "1.16.0"
source = "registry+https://github.com/rust-lang/crates.io-index"
checksum = "86f0b0d4bf799edbc74508c1e8bf170ff5f41238e5f8225603ca7caaae2b7860"

[[package]]
name = "overload"
version = "0.1.1"
source = "registry+https://github.com/rust-lang/crates.io-index"
checksum = "b15813163c1d831bf4a13c3610c05c0d03b39feb07f7e09fa234dac9b15aaf39"

[[package]]
name = "parking_lot"
version = "0.12.0"
source = "registry+https://github.com/rust-lang/crates.io-index"
checksum = "87f5ec2493a61ac0506c0f4199f99070cbe83857b0337006a30f3e6719b8ef58"
dependencies = [
 "lock_api",
 "parking_lot_core",
]

[[package]]
name = "parking_lot_core"
version = "0.9.10"
source = "registry+https://github.com/rust-lang/crates.io-index"
checksum = "1e401f977ab385c9e4e3ab30627d6f26d00e2c73eef317493c4ec6d468726cf8"
dependencies = [
 "cfg-if",
 "libc",
 "redox_syscall 0.5.0",
 "smallvec",
 "windows-targets 0.52.0",
]

[[package]]
name = "pin-project"
version = "1.0.2"
source = "registry+https://github.com/rust-lang/crates.io-index"
checksum = "9ccc2237c2c489783abd8c4c80e5450fc0e98644555b1364da68cc29aa151ca7"
dependencies = [
 "pin-project-internal",
]

[[package]]
name = "pin-project-internal"
version = "1.0.2"
source = "registry+https://github.com/rust-lang/crates.io-index"
checksum = "f8e8d2bf0b23038a4424865103a4df472855692821aab4e4f5c3312d461d9e5f"
dependencies = [
 "proc-macro2",
 "quote",
 "syn 1.0.96",
]

[[package]]
name = "pin-project-lite"
version = "0.2.11"
source = "registry+https://github.com/rust-lang/crates.io-index"
checksum = "2c516611246607d0c04186886dbb3a754368ef82c79e9827a802c6d836dd111c"

[[package]]
name = "pin-utils"
version = "0.1.0"
source = "registry+https://github.com/rust-lang/crates.io-index"
checksum = "8b870d8c151b6f2fb93e84a13146138f05d02ed11c7e7c54f8826aaaf7c9f184"

[[package]]
name = "ppv-lite86"
version = "0.2.8"
source = "registry+https://github.com/rust-lang/crates.io-index"
checksum = "237a5ed80e274dbc66f86bd59c1e25edc039660be53194b5fe0a482e0f2612ea"

[[package]]
name = "proc-macro2"
version = "1.0.74"
source = "registry+https://github.com/rust-lang/crates.io-index"
checksum = "2de98502f212cfcea8d0bb305bd0f49d7ebdd75b64ba0a68f937d888f4e0d6db"
dependencies = [
 "unicode-ident",
]

[[package]]
name = "pulldown-cmark"
version = "0.2.0"
source = "registry+https://github.com/rust-lang/crates.io-index"
checksum = "eef52fac62d0ea7b9b4dc7da092aa64ea7ec3d90af6679422d3d7e0e14b6ee15"
dependencies = [
 "bitflags 1.0.0",
]

[[package]]
name = "quanta"
version = "0.12.2"
source = "registry+https://github.com/rust-lang/crates.io-index"
checksum = "9ca0b7bac0b97248c40bb77288fc52029cf1459c0461ea1b05ee32ccf011de2c"
dependencies = [
 "crossbeam-utils",
 "libc",
 "once_cell",
 "raw-cpuid",
 "wasi",
 "web-sys",
 "winapi 0.3.9",
]

[[package]]
name = "quote"
version = "1.0.35"
source = "registry+https://github.com/rust-lang/crates.io-index"
checksum = "291ec9ab5efd934aaf503a6466c5d5251535d108ee747472c3977cc5acc868ef"
dependencies = [
 "proc-macro2",
]

[[package]]
name = "rand"
version = "0.4.1"
source = "registry+https://github.com/rust-lang/crates.io-index"
checksum = "9d5f78082e6a6d042862611e9640cf20776185fee506cf6cf67e93c6225cee31"
dependencies = [
 "fuchsia-zircon",
 "libc",
]

[[package]]
name = "rand"
version = "0.8.0"
source = "registry+https://github.com/rust-lang/crates.io-index"
checksum = "a76330fb486679b4ace3670f117bbc9e16204005c4bde9c4bd372f45bed34f12"
dependencies = [
 "libc",
 "rand_chacha",
 "rand_core",
 "rand_hc",
]

[[package]]
name = "rand_chacha"
version = "0.3.0"
source = "registry+https://github.com/rust-lang/crates.io-index"
checksum = "e12735cf05c9e10bf21534da50a147b924d555dc7a547c42e6bb2d5b6017ae0d"
dependencies = [
 "ppv-lite86",
 "rand_core",
]

[[package]]
name = "rand_core"
version = "0.6.2"
source = "registry+https://github.com/rust-lang/crates.io-index"
checksum = "34cf66eb183df1c5876e2dcf6b13d57340741e8dc255b48e40a26de954d06ae7"
dependencies = [
 "getrandom",
]

[[package]]
name = "rand_hc"
version = "0.3.0"
source = "registry+https://github.com/rust-lang/crates.io-index"
checksum = "3190ef7066a446f2e7f42e239d161e905420ccab01eb967c9eb27d21b2322a73"
dependencies = [
 "rand_core",
]

[[package]]
name = "raw-cpuid"
version = "11.0.0"
source = "registry+https://github.com/rust-lang/crates.io-index"
checksum = "1782673f85471a9985c2210df529a11853c89567511fab7ebf14e10853cba849"
dependencies = [
 "bitflags 2.4.0",
]

[[package]]
name = "redox_syscall"
version = "0.1.0"
source = "registry+https://github.com/rust-lang/crates.io-index"
checksum = "35a48131ab10dbeb17202bd1dcb9c9798963a58a50c9ec31640f237358832094"

[[package]]
name = "redox_syscall"
version = "0.5.0"
source = "registry+https://github.com/rust-lang/crates.io-index"
checksum = "13c178f952cc7eac391f3124bd9851d1ac0bdbc4c9de2d892ccd5f0d8b160e96"
dependencies = [
 "bitflags 2.4.0",
]

[[package]]
name = "regex"
version = "1.7.3"
source = "registry+https://github.com/rust-lang/crates.io-index"
checksum = "8b1f693b24f6ac912f4893ef08244d70b6067480d2f1a46e950c9691e6749d1d"
dependencies = [
 "aho-corasick",
 "memchr",
 "regex-syntax",
]

[[package]]
name = "regex-automata"
version = "0.1.0"
source = "registry+https://github.com/rust-lang/crates.io-index"
checksum = "72457500f2cf948feb4efccaeb460570c8f66ee5ba33c936bb4bfaa628d71853"
dependencies = [
 "byteorder",
 "regex-syntax",
 "utf8-ranges",
]

[[package]]
name = "regex-syntax"
version = "0.6.29"
source = "registry+https://github.com/rust-lang/crates.io-index"
checksum = "f162c6dd7b008981e4d40210aca20b4bd0f9b60ca9271061b07f78537722f2e1"

[[package]]
name = "relative-path"
version = "1.8.0"
source = "registry+https://github.com/rust-lang/crates.io-index"
checksum = "4bf2521270932c3c7bed1a59151222bd7643c79310f2916f01925e1e16255698"

[[package]]
name = "remove_dir_all"
version = "0.5.0"
source = "registry+https://github.com/rust-lang/crates.io-index"
checksum = "dfc5b3ce5d5ea144bb04ebd093a9e14e9765bcfec866aecda9b6dec43b3d1e24"
dependencies = [
 "winapi 0.3.9",
]

[[package]]
name = "ring"
version = "0.17.0"
source = "registry+https://github.com/rust-lang/crates.io-index"
checksum = "fb9d44f9bf6b635117787f72416783eb7e4227aaf255e5ce739563d817176a7e"
dependencies = [
 "cc",
 "getrandom",
 "libc",
 "spin",
 "untrusted",
 "windows-sys 0.48.0",
]

[[package]]
name = "rstest"
version = "0.19.0"
source = "registry+https://github.com/rust-lang/crates.io-index"
checksum = "9d5316d2a1479eeef1ea21e7f9ddc67c191d497abc8fc3ba2467857abbb68330"
dependencies = [
 "futures",
 "futures-timer",
 "rstest_macros",
 "rustc_version",
]

[[package]]
name = "rstest_macros"
version = "0.19.0"
source = "registry+https://github.com/rust-lang/crates.io-index"
checksum = "04a9df72cc1f67020b0d63ad9bfe4a323e459ea7eb68e03bd9824db49f9a4c25"
dependencies = [
 "cfg-if",
 "glob",
 "proc-macro2",
 "quote",
 "regex",
 "relative-path",
 "rustc_version",
 "syn 2.0.46",
 "unicode-ident",
]

[[package]]
name = "rustc-demangle"
version = "0.1.4"
source = "registry+https://github.com/rust-lang/crates.io-index"
checksum = "3058a43ada2c2d0b92b3ae38007a2d0fa5e9db971be260e0171408a4ff471c95"

[[package]]
name = "rustc_version"
version = "0.4.0"
source = "registry+https://github.com/rust-lang/crates.io-index"
checksum = "bfa0f585226d2e68097d4f95d113b15b83a82e819ab25717ec0590d9584ef366"
dependencies = [
 "semver 1.0.0",
]

[[package]]
name = "rustls"
version = "0.23.0"
source = "registry+https://github.com/rust-lang/crates.io-index"
checksum = "53e56521f047352df0db9a3c5aafc573eeb8909ab80f9d4cba201d8d73539009"
dependencies = [
 "log",
 "once_cell",
 "ring",
 "rustls-pki-types",
 "rustls-webpki",
 "subtle",
 "zeroize",
]

[[package]]
name = "rustls-pemfile"
version = "2.1.2"
source = "registry+https://github.com/rust-lang/crates.io-index"
checksum = "29993a25686778eb88d4189742cd713c9bce943bc54251a33509dc63cbacf73d"
dependencies = [
 "base64",
 "rustls-pki-types",
]

[[package]]
name = "rustls-pki-types"
version = "1.3.0"
source = "registry+https://github.com/rust-lang/crates.io-index"
checksum = "048a63e5b3ac996d78d402940b5fa47973d2d080c6c6fffa1d0f19c4445310b7"

[[package]]
name = "rustls-webpki"
version = "0.102.2"
source = "registry+https://github.com/rust-lang/crates.io-index"
checksum = "faaa0a62740bedb9b2ef5afa303da42764c012f743917351dc9a237ea1663610"
dependencies = [
 "ring",
 "rustls-pki-types",
 "untrusted",
]

[[package]]
name = "rustversion"
version = "1.0.17"
source = "registry+https://github.com/rust-lang/crates.io-index"
checksum = "955d28af4278de8121b7ebeb796b6a45735dc01436d898801014aced2773a3d6"

[[package]]
name = "ryu"
version = "1.0.0"
source = "registry+https://github.com/rust-lang/crates.io-index"
checksum = "c92464b447c0ee8c4fb3824ecc8383b81717b9f1e74ba2e72540aef7b9f82997"

[[package]]
name = "same-file"
version = "1.0.0"
source = "registry+https://github.com/rust-lang/crates.io-index"
checksum = "70a18720d745fb9ca6a041b37cb36d0b21066006b6cff8b5b360142d4b81fb60"
dependencies = [
 "kernel32-sys",
 "winapi 0.2.4",
]

[[package]]
name = "scopeguard"
version = "1.1.0"
source = "registry+https://github.com/rust-lang/crates.io-index"
checksum = "d29ab0c6d3fc0ee92fe66e2d99f700eab17a8d57d1c1d3b748380fb20baa78cd"

[[package]]
name = "semver"
version = "0.9.0"
source = "registry+https://github.com/rust-lang/crates.io-index"
checksum = "1d7eb9ef2c18661902cc47e535f9bc51b78acd254da71d375c2f6720d9a40403"
dependencies = [
 "semver-parser",
 "serde",
]

[[package]]
name = "semver"
version = "1.0.0"
source = "registry+https://github.com/rust-lang/crates.io-index"
checksum = "76b5842e81eb9bbea19276a9dbbda22ac042532f390a67ab08b895617978abf3"

[[package]]
name = "semver-parser"
version = "0.7.0"
source = "registry+https://github.com/rust-lang/crates.io-index"
checksum = "388a1df253eca08550bef6c72392cfe7c30914bf41df5269b68cbd6ff8f570a3"

[[package]]
name = "serde"
version = "1.0.194"
source = "registry+https://github.com/rust-lang/crates.io-index"
checksum = "0b114498256798c94a0689e1a15fec6005dee8ac1f41de56404b67afc2a4b773"
dependencies = [
 "serde_derive",
]

[[package]]
name = "serde_derive"
version = "1.0.194"
source = "registry+https://github.com/rust-lang/crates.io-index"
checksum = "a3385e45322e8f9931410f01b3031ec534c3947d0e94c18049af4d9f9907d4e0"
dependencies = [
 "proc-macro2",
 "quote",
 "syn 2.0.46",
]

[[package]]
name = "serde_json"
version = "1.0.113"
source = "registry+https://github.com/rust-lang/crates.io-index"
checksum = "69801b70b1c3dac963ecb03a364ba0ceda9cf60c71cfe475e99864759c8b8a79"
dependencies = [
 "itoa",
 "ryu",
 "serde",
]

[[package]]
name = "serde_test"
version = "1.0.130"
source = "registry+https://github.com/rust-lang/crates.io-index"
checksum = "d82178225dbdeae2d5d190e8649287db6a3a32c6d24da22ae3146325aa353e4c"
dependencies = [
 "serde",
]

[[package]]
name = "serde_yaml"
version = "0.9.0"
source = "registry+https://github.com/rust-lang/crates.io-index"
checksum = "a35a3320a1c8ead0efb4bf508678e8dc29a1bd89118b2f9eae2dccb5123b1a69"
dependencies = [
 "indexmap",
 "itoa",
 "ryu",
 "serde",
 "unsafe-libyaml",
]

[[package]]
name = "sharded-slab"
version = "0.1.4"
source = "registry+https://github.com/rust-lang/crates.io-index"
checksum = "900fba806f70c630b0a382d0d825e17a0f19fcd059a2ade1ff237bcddf446b31"
dependencies = [
 "lazy_static",
]

[[package]]
name = "siphasher"
version = "1.0.0"
source = "registry+https://github.com/rust-lang/crates.io-index"
checksum = "54ac45299ccbd390721be55b412d41931911f654fa99e2cb8bfb57184b2061fe"

[[package]]
name = "skeptic"
version = "0.13.5"
source = "registry+https://github.com/rust-lang/crates.io-index"
checksum = "7a6deb8efaf3ad8fd784139db8bbd51806bfbcee87c7be7578e9c930981fb808"
dependencies = [
 "bytecount",
 "cargo_metadata",
 "error-chain",
 "glob",
 "pulldown-cmark",
 "tempfile",
 "walkdir",
]

[[package]]
name = "slab"
version = "0.4.2"
source = "registry+https://github.com/rust-lang/crates.io-index"
checksum = "c111b5bd5695e56cffe5129854aa230b39c93a305372fdbb2668ca2394eea9f8"

[[package]]
name = "smallvec"
version = "1.9.0"
source = "registry+https://github.com/rust-lang/crates.io-index"
checksum = "2fd0db749597d91ff862fd1d55ea87f7855a744a8425a64695b6fca237d1dad1"

[[package]]
name = "socket2"
version = "0.4.0"
source = "registry+https://github.com/rust-lang/crates.io-index"
checksum = "9e3dfc207c526015c632472a77be09cf1b6e46866581aecae5cc38fb4235dea2"
dependencies = [
 "libc",
 "winapi 0.3.9",
]

[[package]]
name = "socket2"
version = "0.5.5"
source = "registry+https://github.com/rust-lang/crates.io-index"
checksum = "7b5fac59a5cb5dd637972e5fca70daf0523c9067fcdc4842f053dae04a18f8e9"
dependencies = [
 "libc",
 "windows-sys 0.48.0",
]

[[package]]
name = "spin"
version = "0.9.2"
source = "registry+https://github.com/rust-lang/crates.io-index"
checksum = "511254be0c5bcf062b019a6c89c01a664aa359ded62f78aa72c6fc137c0590e5"

[[package]]
name = "stable_deref_trait"
version = "1.0.0"
source = "registry+https://github.com/rust-lang/crates.io-index"
checksum = "15132e0e364248108c5e2c02e3ab539be8d6f5d52a01ca9bbf27ed657316f02b"

[[package]]
name = "subtle"
version = "2.5.0"
source = "registry+https://github.com/rust-lang/crates.io-index"
checksum = "81cdd64d312baedb58e21336b31bc043b77e01cc99033ce76ef539f78e965ebc"

[[package]]
name = "syn"
version = "1.0.96"
source = "registry+https://github.com/rust-lang/crates.io-index"
checksum = "0748dd251e24453cb8717f0354206b91557e4ec8703673a4b30208f2abaf1ebf"
dependencies = [
 "proc-macro2",
 "quote",
 "unicode-ident",
]

[[package]]
name = "syn"
version = "2.0.46"
source = "registry+https://github.com/rust-lang/crates.io-index"
checksum = "89456b690ff72fddcecf231caedbe615c59480c93358a93dfae7fc29e3ebbf0e"
dependencies = [
 "proc-macro2",
 "quote",
 "unicode-ident",
]

[[package]]
name = "tagptr"
version = "0.2.0"
source = "registry+https://github.com/rust-lang/crates.io-index"
checksum = "7b2093cf4c8eb1e67749a6762251bc9cd836b6fc171623bd0a9d324d37af2417"

[[package]]
name = "tempfile"
version = "3.0.2"
source = "registry+https://github.com/rust-lang/crates.io-index"
checksum = "47776f63b85777d984a50ce49d6b9e58826b6a3766a449fc95bc66cd5663c15b"
dependencies = [
 "libc",
 "rand 0.4.1",
 "redox_syscall 0.1.0",
 "remove_dir_all",
 "winapi 0.3.9",
]

[[package]]
name = "thiserror"
version = "1.0.0"
source = "registry+https://github.com/rust-lang/crates.io-index"
checksum = "d032db01164196ffdea5d016aa5cacd9d163a4fb00b85e9fc3ad18c5b1a3951d"
dependencies = [
 "thiserror-impl",
]

[[package]]
name = "thiserror-impl"
version = "1.0.0"
source = "registry+https://github.com/rust-lang/crates.io-index"
checksum = "e9d53f5a0d2bd66d1d841e69a4beb74a226216b3f158ff0c534578f76e7beac9"
dependencies = [
 "proc-macro2",
 "quote",
 "syn 1.0.96",
]

[[package]]
name = "thread_local"
version = "1.1.4"
source = "registry+https://github.com/rust-lang/crates.io-index"
checksum = "5516c27b78311c50bf42c071425c560ac799b11c30b31f87e3081965fe5e0180"
dependencies = [
 "once_cell",
]

[[package]]
name = "time"
version = "0.3.1"
source = "registry+https://github.com/rust-lang/crates.io-index"
checksum = "1a776787d9c5d455bec3db044586ccdd8a9c74d5da5dc319fb80f3db08808fe6"
dependencies = [
 "libc",
]

[[package]]
name = "tokio"
version = "1.37.0"
source = "registry+https://github.com/rust-lang/crates.io-index"
checksum = "1adbebffeca75fcfd058afa480fb6c0b81e165a0323f9c9d39c9697e37c46787"
dependencies = [
 "backtrace",
 "bytes",
 "libc",
 "mio",
 "num_cpus",
 "pin-project-lite",
 "socket2 0.5.5",
 "tokio-macros",
 "windows-sys 0.48.0",
]

[[package]]
name = "tokio-macros"
version = "2.2.0"
source = "registry+https://github.com/rust-lang/crates.io-index"
checksum = "5b8a1e28f2deaa14e508979454cb3a223b10b938b45af148bc0986de36f1923b"
dependencies = [
 "proc-macro2",
 "quote",
 "syn 2.0.46",
]

[[package]]
name = "tokio-rustls"
version = "0.26.0"
source = "registry+https://github.com/rust-lang/crates.io-index"
checksum = "0c7bc40d0e5a97695bb96e27995cd3a08538541b0a846f65bba7a359f36700d4"
dependencies = [
 "rustls",
 "rustls-pki-types",
 "tokio",
]

[[package]]
name = "tokio-stream"
version = "0.1.15"
source = "registry+https://github.com/rust-lang/crates.io-index"
checksum = "267ac89e0bec6e691e5813911606935d77c476ff49024f98abcea3e7b15e37af"
dependencies = [
 "futures-core",
 "pin-project-lite",
 "tokio",
]

[[package]]
name = "tokio-test"
version = "0.4.0"
source = "registry+https://github.com/rust-lang/crates.io-index"
checksum = "7c7d205f6f59b03f9e824ac86eaba635a98395f287756ecc8a06464779c399bf"
dependencies = [
 "async-stream",
 "bytes",
 "futures-core",
 "tokio",
 "tokio-stream",
]

[[package]]
name = "tokio-tfo"
version = "0.2.0"
source = "registry+https://github.com/rust-lang/crates.io-index"
checksum = "be94e60e867516c53352c93b4b7762b68464bd24c62588f7f10c22fb9d02b6c9"
dependencies = [
 "cfg-if",
 "futures",
 "libc",
 "log",
 "once_cell",
 "pin-project",
 "socket2 0.4.0",
 "tokio",
 "windows-sys 0.36.0",
]

[[package]]
name = "tracing"
version = "0.1.40"
source = "registry+https://github.com/rust-lang/crates.io-index"
checksum = "c3523ab5a71916ccf420eebdf5521fcef02141234bbc0b8a49f2fdc4544364ef"
dependencies = [
 "pin-project-lite",
 "tracing-attributes",
 "tracing-core",
]

[[package]]
name = "tracing-attributes"
version = "0.1.27"
source = "registry+https://github.com/rust-lang/crates.io-index"
checksum = "34704c8d6ebcbc939824180af020566b01a7c01f80641264eba0999f6c2b6be7"
dependencies = [
 "proc-macro2",
 "quote",
 "syn 2.0.46",
]

[[package]]
name = "tracing-core"
version = "0.1.32"
source = "registry+https://github.com/rust-lang/crates.io-index"
checksum = "c06d3da6113f116aaee68e4d601191614c9053067f9ab7f6edbcb161237daa54"
dependencies = [
 "once_cell",
 "valuable",
]

[[package]]
name = "tracing-log"
version = "0.2.0"
source = "registry+https://github.com/rust-lang/crates.io-index"
checksum = "ee855f1f400bd0e5c02d150ae5de3840039a3f54b025156404e34c23c03f47c3"
dependencies = [
 "log",
 "once_cell",
 "tracing-core",
]

[[package]]
name = "tracing-subscriber"
version = "0.3.18"
source = "registry+https://github.com/rust-lang/crates.io-index"
checksum = "ad0f048c97dbd9faa9b7df56362b8ebcaa52adb06b498c050d2f4e32f90a7a8b"
dependencies = [
 "matchers",
 "nu-ansi-term",
 "once_cell",
 "regex",
 "sharded-slab",
 "smallvec",
 "thread_local",
 "tracing",
 "tracing-core",
 "tracing-log",
]

[[package]]
name = "triomphe"
version = "0.1.3"
source = "registry+https://github.com/rust-lang/crates.io-index"
checksum = "46bddb80ec09585c58022a2c55e6e7c11e713d9bb26895f1b56cd945c4040c54"
dependencies = [
 "memoffset",
]

[[package]]
name = "unicode-ident"
version = "1.0.5"
source = "registry+https://github.com/rust-lang/crates.io-index"
checksum = "6ceab39d59e4c9499d4e5a8ee0e2735b891bb7308ac83dfb4e80cad195c9f6f3"

[[package]]
name = "unsafe-libyaml"
version = "0.2.1"
source = "registry+https://github.com/rust-lang/crates.io-index"
checksum = "9dc1c637311091be28e5d462c07db78081e5828da80ba22605c81c4ad6f7f813"

[[package]]
name = "untrusted"
version = "0.9.0"
source = "registry+https://github.com/rust-lang/crates.io-index"
checksum = "8ecb6da28b8a351d773b68d5825ac39017e680750f980f3a1a85cd8dd28a47c1"

[[package]]
name = "utf8-ranges"
version = "1.0.0"
source = "registry+https://github.com/rust-lang/crates.io-index"
checksum = "662fab6525a98beff2921d7f61a39e7d59e0b425ebc7d0d9e66d316e55124122"

[[package]]
name = "uuid"
version = "1.1.0"
source = "registry+https://github.com/rust-lang/crates.io-index"
checksum = "93bbc61e655a4833cf400d0d15bf3649313422fa7572886ad6dab16d79886365"
dependencies = [
 "getrandom",
]

[[package]]
name = "valuable"
version = "0.1.0"
source = "registry+https://github.com/rust-lang/crates.io-index"
checksum = "830b7e5d4d90034032940e4ace0d9a9a057e7a45cd94e6c007832e39edb82f6d"

[[package]]
name = "walkdir"
version = "2.2.0"
source = "registry+https://github.com/rust-lang/crates.io-index"
checksum = "f1b768ba943161a9226ccd59b26bcd901e5d60e6061f4fcad3034784e0c7372b"
dependencies = [
 "same-file",
 "winapi 0.3.9",
]

[[package]]
name = "wasi"
version = "0.11.0+wasi-snapshot-preview1"
source = "registry+https://github.com/rust-lang/crates.io-index"
checksum = "9c8d87e72b64a3b4db28d11ce29237c246188f4f51057d65a7eab63b7987e423"

[[package]]
name = "wasm-bindgen"
version = "0.2.81"
source = "registry+https://github.com/rust-lang/crates.io-index"
checksum = "7c53b543413a17a202f4be280a7e5c62a1c69345f5de525ee64f8cfdbc954994"
dependencies = [
 "cfg-if",
 "wasm-bindgen-macro",
]

[[package]]
name = "wasm-bindgen-backend"
version = "0.2.81"
source = "registry+https://github.com/rust-lang/crates.io-index"
checksum = "5491a68ab4500fa6b4d726bd67408630c3dbe9c4fe7bda16d5c82a1fd8c7340a"
dependencies = [
 "bumpalo",
 "lazy_static",
 "log",
 "proc-macro2",
 "quote",
 "syn 1.0.96",
 "wasm-bindgen-shared",
]

[[package]]
name = "wasm-bindgen-macro"
version = "0.2.81"
source = "registry+https://github.com/rust-lang/crates.io-index"
checksum = "c441e177922bc58f1e12c022624b6216378e5febc2f0533e41ba443d505b80aa"
dependencies = [
 "quote",
 "wasm-bindgen-macro-support",
]

[[package]]
name = "wasm-bindgen-macro-support"
version = "0.2.81"
source = "registry+https://github.com/rust-lang/crates.io-index"
checksum = "7d94ac45fcf608c1f45ef53e748d35660f168490c10b23704c7779ab8f5c3048"
dependencies = [
 "proc-macro2",
 "quote",
 "syn 1.0.96",
 "wasm-bindgen-backend",
 "wasm-bindgen-shared",
]

[[package]]
name = "wasm-bindgen-shared"
version = "0.2.81"
source = "registry+https://github.com/rust-lang/crates.io-index"
checksum = "6a89911bd99e5f3659ec4acf9c4d93b0a90fe4a2a11f15328472058edc5261be"

[[package]]
name = "web-sys"
version = "0.3.36"
source = "registry+https://github.com/rust-lang/crates.io-index"
checksum = "721c6263e2c66fd44501cc5efbfa2b7dfa775d13e4ea38c46299646ed1f9c70a"
dependencies = [
 "js-sys",
 "wasm-bindgen",
]

[[package]]
name = "webpki-roots"
version = "0.26.0"
source = "registry+https://github.com/rust-lang/crates.io-index"
checksum = "0de2cfda980f21be5a7ed2eadb3e6fe074d56022bea2cdeb1a62eb220fc04188"
dependencies = [
 "rustls-pki-types",
]

[[package]]
name = "winapi"
version = "0.2.4"
source = "registry+https://github.com/rust-lang/crates.io-index"
checksum = "5350e40d908c7e8b9e5c9edb541ca47cc617c6229d3575a46da6f550f36c96fd"

[[package]]
name = "winapi"
version = "0.3.9"
source = "registry+https://github.com/rust-lang/crates.io-index"
checksum = "5c839a674fcd7a98952e593242ea400abe93992746761e38641405d28b00f419"
dependencies = [
 "winapi-i686-pc-windows-gnu",
 "winapi-x86_64-pc-windows-gnu",
]

[[package]]
name = "winapi-build"
version = "0.1.1"
source = "registry+https://github.com/rust-lang/crates.io-index"
checksum = "2d315eee3b34aca4797b2da6b13ed88266e6d612562a0c46390af8299fc699bc"

[[package]]
name = "winapi-i686-pc-windows-gnu"
version = "0.4.0"
source = "registry+https://github.com/rust-lang/crates.io-index"
checksum = "ac3b87c63620426dd9b991e5ce0329eff545bccbbb34f3be09ff6fb6ab51b7b6"

[[package]]
name = "winapi-x86_64-pc-windows-gnu"
version = "0.4.0"
source = "registry+https://github.com/rust-lang/crates.io-index"
checksum = "712e227841d057c1ee1cd2fb22fa7e5a5461ae8e48fa2ca79ec42cfc1931183f"

[[package]]
name = "windows-sys"
version = "0.36.0"
source = "registry+https://github.com/rust-lang/crates.io-index"
checksum = "f375ae76a43fd649c5a3482a4a3e28eced2267adaefa55422bf7e92696a7dac5"
dependencies = [
 "windows_aarch64_msvc 0.36.0",
 "windows_i686_gnu 0.36.0",
 "windows_i686_msvc 0.36.0",
 "windows_x86_64_gnu 0.36.0",
 "windows_x86_64_msvc 0.36.0",
]

[[package]]
name = "windows-sys"
version = "0.48.0"
source = "registry+https://github.com/rust-lang/crates.io-index"
checksum = "677d2418bec65e3338edb076e806bc1ec15693c5d0104683f2efe857f61056a9"
dependencies = [
 "windows-targets 0.48.0",
]

[[package]]
name = "windows-targets"
version = "0.48.0"
source = "registry+https://github.com/rust-lang/crates.io-index"
checksum = "7b1eb6f0cd7c80c79759c929114ef071b87354ce476d9d94271031c0497adfd5"
dependencies = [
 "windows_aarch64_gnullvm 0.48.0",
 "windows_aarch64_msvc 0.48.0",
 "windows_i686_gnu 0.48.0",
 "windows_i686_msvc 0.48.0",
 "windows_x86_64_gnu 0.48.0",
 "windows_x86_64_gnullvm 0.48.0",
 "windows_x86_64_msvc 0.48.0",
]

[[package]]
name = "windows-targets"
version = "0.52.0"
source = "registry+https://github.com/rust-lang/crates.io-index"
checksum = "8a18201040b24831fbb9e4eb208f8892e1f50a37feb53cc7ff887feb8f50e7cd"
dependencies = [
 "windows_aarch64_gnullvm 0.52.0",
 "windows_aarch64_msvc 0.52.0",
 "windows_i686_gnu 0.52.0",
 "windows_i686_msvc 0.52.0",
 "windows_x86_64_gnu 0.52.0",
 "windows_x86_64_gnullvm 0.52.0",
 "windows_x86_64_msvc 0.52.0",
]

[[package]]
name = "windows_aarch64_gnullvm"
version = "0.48.0"
source = "registry+https://github.com/rust-lang/crates.io-index"
checksum = "91ae572e1b79dba883e0d315474df7305d12f569b400fcf90581b06062f7e1bc"

[[package]]
name = "windows_aarch64_gnullvm"
version = "0.52.0"
source = "registry+https://github.com/rust-lang/crates.io-index"
checksum = "cb7764e35d4db8a7921e09562a0304bf2f93e0a51bfccee0bd0bb0b666b015ea"

[[package]]
name = "windows_aarch64_msvc"
version = "0.36.0"
source = "registry+https://github.com/rust-lang/crates.io-index"
checksum = "4bee8cd327bbef19bf86d30bd66379f57905166d3103b0e2eff4a491b85e421d"

[[package]]
name = "windows_aarch64_msvc"
version = "0.48.0"
source = "registry+https://github.com/rust-lang/crates.io-index"
checksum = "b2ef27e0d7bdfcfc7b868b317c1d32c641a6fe4629c171b8928c7b08d98d7cf3"

[[package]]
name = "windows_aarch64_msvc"
version = "0.52.0"
source = "registry+https://github.com/rust-lang/crates.io-index"
checksum = "bbaa0368d4f1d2aaefc55b6fcfee13f41544ddf36801e793edbbfd7d7df075ef"

[[package]]
name = "windows_i686_gnu"
version = "0.36.0"
source = "registry+https://github.com/rust-lang/crates.io-index"
checksum = "3b759cc6e3d97970c98cffe461739e89ab6d424ba5e2e7d3b9b05a2d56116057"

[[package]]
name = "windows_i686_gnu"
version = "0.48.0"
source = "registry+https://github.com/rust-lang/crates.io-index"
checksum = "622a1962a7db830d6fd0a69683c80a18fda201879f0f447f065a3b7467daa241"

[[package]]
name = "windows_i686_gnu"
version = "0.52.0"
source = "registry+https://github.com/rust-lang/crates.io-index"
checksum = "a28637cb1fa3560a16915793afb20081aba2c92ee8af57b4d5f28e4b3e7df313"

[[package]]
name = "windows_i686_msvc"
version = "0.36.0"
source = "registry+https://github.com/rust-lang/crates.io-index"
checksum = "7a0cee91bff283876711f91e7db0aa234438bc663a9d8304596df00b0a6fd6ef"

[[package]]
name = "windows_i686_msvc"
version = "0.48.0"
source = "registry+https://github.com/rust-lang/crates.io-index"
checksum = "4542c6e364ce21bf45d69fdd2a8e455fa38d316158cfd43b3ac1c5b1b19f8e00"

[[package]]
name = "windows_i686_msvc"
version = "0.52.0"
source = "registry+https://github.com/rust-lang/crates.io-index"
checksum = "ffe5e8e31046ce6230cc7215707b816e339ff4d4d67c65dffa206fd0f7aa7b9a"

[[package]]
name = "windows_x86_64_gnu"
version = "0.36.0"
source = "registry+https://github.com/rust-lang/crates.io-index"
checksum = "51e8c6f778aa4383b033ff785191aea0f1ebeceedc160c2c92f944ef7e191476"

[[package]]
name = "windows_x86_64_gnu"
version = "0.48.0"
source = "registry+https://github.com/rust-lang/crates.io-index"
checksum = "ca2b8a661f7628cbd23440e50b05d705db3686f894fc9580820623656af974b1"

[[package]]
name = "windows_x86_64_gnu"
version = "0.52.0"
source = "registry+https://github.com/rust-lang/crates.io-index"
checksum = "3d6fa32db2bc4a2f5abeacf2b69f7992cd09dca97498da74a151a3132c26befd"

[[package]]
name = "windows_x86_64_gnullvm"
version = "0.48.0"
source = "registry+https://github.com/rust-lang/crates.io-index"
checksum = "7896dbc1f41e08872e9d5e8f8baa8fdd2677f29468c4e156210174edc7f7b953"

[[package]]
name = "windows_x86_64_gnullvm"
version = "0.52.0"
source = "registry+https://github.com/rust-lang/crates.io-index"
checksum = "1a657e1e9d3f514745a572a6846d3c7aa7dbe1658c056ed9c3344c4109a6949e"

[[package]]
name = "windows_x86_64_msvc"
version = "0.36.0"
source = "registry+https://github.com/rust-lang/crates.io-index"
checksum = "1dd6a8b0b1ea4331e4db47192729fce42ac8a110fd22bb3abac555d8d7700f29"

[[package]]
name = "windows_x86_64_msvc"
version = "0.48.0"
source = "registry+https://github.com/rust-lang/crates.io-index"
checksum = "1a515f5799fe4961cb532f983ce2b23082366b898e52ffbce459c86f67c8378a"

[[package]]
name = "windows_x86_64_msvc"
version = "0.52.0"
source = "registry+https://github.com/rust-lang/crates.io-index"
checksum = "dff9641d1cd4be8d1a070daf9e3773c5f67e78b4d9d42263020c057706765c04"

[[package]]
name = "zeroize"
version = "1.7.0"
source = "registry+https://github.com/rust-lang/crates.io-index"
checksum = "525b4ec142c6b68a2d10f01f7bbf6755599ca3f81ea53b8431b7dd348f5fdb2d"
